
Microsoft Visual Studio Solution File, Format Version 12.00
# Visual Studio Version 16
VisualStudioVersion = 16.0.30413.136
MinimumVisualStudioVersion = 10.0.40219.1
Project("{FAE04EC0-301F-11D3-BF4B-00C04F79EFBC}") = "InsuranceContractAPI", "InsuranceContractAPI.csproj", "{AEB71638-892B-4111-AC86-B06AA96D0834}"
EndProject
Global
	GlobalSection(SolutionConfigurationPlatforms) = preSolution
		Debug|Any CPU = Debug|Any CPU
		Release|Any CPU = Release|Any CPU
	EndGlobalSection
	GlobalSection(ProjectConfigurationPlatforms) = postSolution
		{AEB71638-892B-4111-AC86-B06AA96D0834}.Debug|Any CPU.ActiveCfg = Debug|Any CPU
		{AEB71638-892B-4111-AC86-B06AA96D0834}.Debug|Any CPU.Build.0 = Debug|Any CPU
		{AEB71638-892B-4111-AC86-B06AA96D0834}.Release|Any CPU.ActiveCfg = Release|Any CPU
		{AEB71638-892B-4111-AC86-B06AA96D0834}.Release|Any CPU.Build.0 = Release|Any CPU
	EndGlobalSection
	GlobalSection(SolutionProperties) = preSolution
		HideSolutionNode = FALSE
	EndGlobalSection
	GlobalSection(ExtensibilityGlobals) = postSolution
		SolutionGuid = {F8BB2C60-CF42-404E-BC41-853BC38FA57F}
	EndGlobalSection
EndGlobal
